// !$*UTF8*$!
{
	archiveVersion = 1;
	classes = {
	};
	objectVersion = 46;
	objects = {

/* Begin PBXBuildFile section */
		4110270E18DB5B730030EE6F /* SVImageView.m in Sources */ = {isa = PBXBuildFile; fileRef = 4110270C18DB5B730030EE6F /* SVImageView.m */; };
		41A7CE8B18EB57EF002C73A0 /* SVNetworkActivityIndicatorManager.m in Sources */ = {isa = PBXBuildFile; fileRef = 41A7CE8A18EB57EF002C73A0 /* SVNetworkActivityIndicatorManager.m */; };
		41B38E1418D756AA000064D3 /* SVRemoteDataRequestResource.m in Sources */ = {isa = PBXBuildFile; fileRef = 41B38E1318D756AA000064D3 /* SVRemoteDataRequestResource.m */; };
		41B38E1718D761C5000064D3 /* SVRemoteJSONRequestResource.m in Sources */ = {isa = PBXBuildFile; fileRef = 41B38E1618D761C5000064D3 /* SVRemoteJSONRequestResource.m */; };
		41B38E1D18D7752E000064D3 /* NSObject+SVBindings.m in Sources */ = {isa = PBXBuildFile; fileRef = 41B38E1A18D7752E000064D3 /* NSObject+SVBindings.m */; };
		41B38E1E18D7752E000064D3 /* NSObject+SVMultibindings.m in Sources */ = {isa = PBXBuildFile; fileRef = 41B38E1C18D7752E000064D3 /* NSObject+SVMultibindings.m */; };
		41B38E2118D77DE0000064D3 /* SVRemoteRetainedProxyResource.m in Sources */ = {isa = PBXBuildFile; fileRef = 41B38E2018D77DE0000064D3 /* SVRemoteRetainedProxyResource.m */; };
		41B38E2418D7879A000064D3 /* SVRemoteRetainedScaledImage.m in Sources */ = {isa = PBXBuildFile; fileRef = 41B38E2318D7879A000064D3 /* SVRemoteRetainedScaledImage.m */; };
		41B38E2918D79C98000064D3 /* SVRemoteDataResource.m in Sources */ = {isa = PBXBuildFile; fileRef = 41B38E2818D79C98000064D3 /* SVRemoteDataResource.m */; };
		41B38E2C18D79DA8000064D3 /* SVRemoteJSONResource.m in Sources */ = {isa = PBXBuildFile; fileRef = 41B38E2B18D79DA8000064D3 /* SVRemoteJSONResource.m */; };
		430C17FF18DA0E2A00070925 /* SVImageScaler.m in Sources */ = {isa = PBXBuildFile; fileRef = 430C17FD18DA0E2A00070925 /* SVImageScaler.m */; };
		430C180318DA117800070925 /* SVRemoteScaledImage.m in Sources */ = {isa = PBXBuildFile; fileRef = 430C180118DA117800070925 /* SVRemoteScaledImage.m */; };
		431591E418E4E29E008CE9A5 /* SVRemoteArray.m in Sources */ = {isa = PBXBuildFile; fileRef = 431591E318E4E29E008CE9A5 /* SVRemoteArray.m */; };
		431591E718E4EAA9008CE9A5 /* SVRemoteJSONArray.m in Sources */ = {isa = PBXBuildFile; fileRef = 431591E618E4EAA9008CE9A5 /* SVRemoteJSONArray.m */; };
		43C9137218D8A0BB000718E7 /* SVRemoteProxyResource.m in Sources */ = {isa = PBXBuildFile; fileRef = 43C9137018D8A0BB000718E7 /* SVRemoteProxyResource.m */; };
		43D2A1F018D39363002CFE55 /* Foundation.framework in Frameworks */ = {isa = PBXBuildFile; fileRef = 43D2A1EF18D39363002CFE55 /* Foundation.framework */; };
		43D2A1FE18D39363002CFE55 /* XCTest.framework in Frameworks */ = {isa = PBXBuildFile; fileRef = 43D2A1FD18D39363002CFE55 /* XCTest.framework */; };
		43D2A1FF18D39363002CFE55 /* Foundation.framework in Frameworks */ = {isa = PBXBuildFile; fileRef = 43D2A1EF18D39363002CFE55 /* Foundation.framework */; };
		43D2A20118D39363002CFE55 /* UIKit.framework in Frameworks */ = {isa = PBXBuildFile; fileRef = 43D2A20018D39363002CFE55 /* UIKit.framework */; };
		43D2A20418D39363002CFE55 /* libSVNetworking.a in Frameworks */ = {isa = PBXBuildFile; fileRef = 43D2A1EC18D39363002CFE55 /* libSVNetworking.a */; };
		43D2A20A18D39363002CFE55 /* InfoPlist.strings in Resources */ = {isa = PBXBuildFile; fileRef = 43D2A20818D39363002CFE55 /* InfoPlist.strings */; };
		43D2A20C18D39363002CFE55 /* SVNetworkingTests.m in Sources */ = {isa = PBXBuildFile; fileRef = 43D2A20B18D39363002CFE55 /* SVNetworkingTests.m */; };
		43D2A21C18D39438002CFE55 /* SVDataRequest.m in Sources */ = {isa = PBXBuildFile; fileRef = 43D2A21718D39438002CFE55 /* SVDataRequest.m */; };
		43D2A21D18D39438002CFE55 /* SVJSONRequest.m in Sources */ = {isa = PBXBuildFile; fileRef = 43D2A21918D39438002CFE55 /* SVJSONRequest.m */; };
		43D2A21E18D39438002CFE55 /* SVRequest.m in Sources */ = {isa = PBXBuildFile; fileRef = 43D2A21B18D39438002CFE55 /* SVRequest.m */; };
		43D2A22218D39485002CFE55 /* SVFunctional.m in Sources */ = {isa = PBXBuildFile; fileRef = 43D2A22118D39485002CFE55 /* SVFunctional.m */; };
		43D2A22918D39572002CFE55 /* SVRemoteResource.m in Sources */ = {isa = PBXBuildFile; fileRef = 43D2A22818D39572002CFE55 /* SVRemoteResource.m */; };
		43D2A22C18D3987C002CFE55 /* SVRemoteImage.m in Sources */ = {isa = PBXBuildFile; fileRef = 43D2A22B18D3987C002CFE55 /* SVRemoteImage.m */; };
		43D2A23218D3AA6E002CFE55 /* SVRemoteResourceDiskCache.m in Sources */ = {isa = PBXBuildFile; fileRef = 43D2A23118D3AA6E002CFE55 /* SVRemoteResourceDiskCache.m */; };
/* End PBXBuildFile section */

/* Begin PBXContainerItemProxy section */
		43D2A20218D39363002CFE55 /* PBXContainerItemProxy */ = {
			isa = PBXContainerItemProxy;
			containerPortal = 43D2A1E418D39363002CFE55 /* Project object */;
			proxyType = 1;
			remoteGlobalIDString = 43D2A1EB18D39363002CFE55;
			remoteInfo = SVNetworking;
		};
/* End PBXContainerItemProxy section */

/* Begin PBXFileReference section */
		4110270B18DB5B730030EE6F /* SVImageView.h */ = {isa = PBXFileReference; fileEncoding = 4; lastKnownFileType = sourcecode.c.h; path = SVImageView.h; sourceTree = "<group>"; };
		4110270C18DB5B730030EE6F /* SVImageView.m */ = {isa = PBXFileReference; fileEncoding = 4; lastKnownFileType = sourcecode.c.objc; path = SVImageView.m; sourceTree = "<group>"; };
		41A7CE8918EB57EF002C73A0 /* SVNetworkActivityIndicatorManager.h */ = {isa = PBXFileReference; fileEncoding = 4; lastKnownFileType = sourcecode.c.h; path = SVNetworkActivityIndicatorManager.h; sourceTree = "<group>"; };
		41A7CE8A18EB57EF002C73A0 /* SVNetworkActivityIndicatorManager.m */ = {isa = PBXFileReference; fileEncoding = 4; lastKnownFileType = sourcecode.c.objc; path = SVNetworkActivityIndicatorManager.m; sourceTree = "<group>"; };
		41A7CE8F18EB60AE002C73A0 /* SVRemoteResourceCache.h */ = {isa = PBXFileReference; lastKnownFileType = sourcecode.c.h; path = SVRemoteResourceCache.h; sourceTree = "<group>"; };
		41B38E1218D756AA000064D3 /* SVRemoteDataRequestResource.h */ = {isa = PBXFileReference; fileEncoding = 4; lastKnownFileType = sourcecode.c.h; path = SVRemoteDataRequestResource.h; sourceTree = "<group>"; };
		41B38E1318D756AA000064D3 /* SVRemoteDataRequestResource.m */ = {isa = PBXFileReference; fileEncoding = 4; lastKnownFileType = sourcecode.c.objc; path = SVRemoteDataRequestResource.m; sourceTree = "<group>"; };
		41B38E1518D761C5000064D3 /* SVRemoteJSONRequestResource.h */ = {isa = PBXFileReference; fileEncoding = 4; lastKnownFileType = sourcecode.c.h; path = SVRemoteJSONRequestResource.h; sourceTree = "<group>"; };
		41B38E1618D761C5000064D3 /* SVRemoteJSONRequestResource.m */ = {isa = PBXFileReference; fileEncoding = 4; lastKnownFileType = sourcecode.c.objc; path = SVRemoteJSONRequestResource.m; sourceTree = "<group>"; };
		41B38E1918D7752E000064D3 /* NSObject+SVBindings.h */ = {isa = PBXFileReference; fileEncoding = 4; lastKnownFileType = sourcecode.c.h; path = "NSObject+SVBindings.h"; sourceTree = "<group>"; };
		41B38E1A18D7752E000064D3 /* NSObject+SVBindings.m */ = {isa = PBXFileReference; fileEncoding = 4; lastKnownFileType = sourcecode.c.objc; path = "NSObject+SVBindings.m"; sourceTree = "<group>"; };
		41B38E1B18D7752E000064D3 /* NSObject+SVMultibindings.h */ = {isa = PBXFileReference; fileEncoding = 4; lastKnownFileType = sourcecode.c.h; path = "NSObject+SVMultibindings.h"; sourceTree = "<group>"; };
		41B38E1C18D7752E000064D3 /* NSObject+SVMultibindings.m */ = {isa = PBXFileReference; fileEncoding = 4; lastKnownFileType = sourcecode.c.objc; path = "NSObject+SVMultibindings.m"; sourceTree = "<group>"; };
		41B38E1F18D77DE0000064D3 /* SVRemoteRetainedProxyResource.h */ = {isa = PBXFileReference; fileEncoding = 4; lastKnownFileType = sourcecode.c.h; path = SVRemoteRetainedProxyResource.h; sourceTree = "<group>"; };
		41B38E2018D77DE0000064D3 /* SVRemoteRetainedProxyResource.m */ = {isa = PBXFileReference; fileEncoding = 4; lastKnownFileType = sourcecode.c.objc; path = SVRemoteRetainedProxyResource.m; sourceTree = "<group>"; };
		41B38E2218D7879A000064D3 /* SVRemoteRetainedScaledImage.h */ = {isa = PBXFileReference; fileEncoding = 4; lastKnownFileType = sourcecode.c.h; path = SVRemoteRetainedScaledImage.h; sourceTree = "<group>"; };
		41B38E2318D7879A000064D3 /* SVRemoteRetainedScaledImage.m */ = {isa = PBXFileReference; fileEncoding = 4; lastKnownFileType = sourcecode.c.objc; path = SVRemoteRetainedScaledImage.m; sourceTree = "<group>"; };
		41B38E2718D79C98000064D3 /* SVRemoteDataResource.h */ = {isa = PBXFileReference; fileEncoding = 4; lastKnownFileType = sourcecode.c.h; path = SVRemoteDataResource.h; sourceTree = "<group>"; };
		41B38E2818D79C98000064D3 /* SVRemoteDataResource.m */ = {isa = PBXFileReference; fileEncoding = 4; lastKnownFileType = sourcecode.c.objc; path = SVRemoteDataResource.m; sourceTree = "<group>"; };
		41B38E2A18D79DA8000064D3 /* SVRemoteJSONResource.h */ = {isa = PBXFileReference; fileEncoding = 4; lastKnownFileType = sourcecode.c.h; path = SVRemoteJSONResource.h; sourceTree = "<group>"; };
		41B38E2B18D79DA8000064D3 /* SVRemoteJSONResource.m */ = {isa = PBXFileReference; fileEncoding = 4; lastKnownFileType = sourcecode.c.objc; path = SVRemoteJSONResource.m; sourceTree = "<group>"; };
		430C17E318D8A77C00070925 /* SVRemoteImageProtocol.h */ = {isa = PBXFileReference; lastKnownFileType = sourcecode.c.h; path = SVRemoteImageProtocol.h; sourceTree = "<group>"; };
		430C17E518D8A79100070925 /* SVRemoteScaledImageProtocol.h */ = {isa = PBXFileReference; fileEncoding = 4; lastKnownFileType = sourcecode.c.h; path = SVRemoteScaledImageProtocol.h; sourceTree = "<group>"; };
		430C17FC18DA0E2A00070925 /* SVImageScaler.h */ = {isa = PBXFileReference; fileEncoding = 4; lastKnownFileType = sourcecode.c.h; path = SVImageScaler.h; sourceTree = "<group>"; };
		430C17FD18DA0E2A00070925 /* SVImageScaler.m */ = {isa = PBXFileReference; fileEncoding = 4; lastKnownFileType = sourcecode.c.objc; path = SVImageScaler.m; sourceTree = "<group>"; };
		430C180018DA117800070925 /* SVRemoteScaledImage.h */ = {isa = PBXFileReference; fileEncoding = 4; lastKnownFileType = sourcecode.c.h; path = SVRemoteScaledImage.h; sourceTree = "<group>"; };
		430C180118DA117800070925 /* SVRemoteScaledImage.m */ = {isa = PBXFileReference; fileEncoding = 4; lastKnownFileType = sourcecode.c.objc; path = SVRemoteScaledImage.m; sourceTree = "<group>"; };
		431591E218E4E29E008CE9A5 /* SVRemoteArray.h */ = {isa = PBXFileReference; fileEncoding = 4; lastKnownFileType = sourcecode.c.h; path = SVRemoteArray.h; sourceTree = "<group>"; };
		431591E318E4E29E008CE9A5 /* SVRemoteArray.m */ = {isa = PBXFileReference; fileEncoding = 4; lastKnownFileType = sourcecode.c.objc; path = SVRemoteArray.m; sourceTree = "<group>"; };
		431591E518E4EAA9008CE9A5 /* SVRemoteJSONArray.h */ = {isa = PBXFileReference; fileEncoding = 4; lastKnownFileType = sourcecode.c.h; path = SVRemoteJSONArray.h; sourceTree = "<group>"; };
		431591E618E4EAA9008CE9A5 /* SVRemoteJSONArray.m */ = {isa = PBXFileReference; fileEncoding = 4; lastKnownFileType = sourcecode.c.objc; path = SVRemoteJSONArray.m; sourceTree = "<group>"; };
		43C9136F18D8A0BB000718E7 /* SVRemoteProxyResource.h */ = {isa = PBXFileReference; fileEncoding = 4; indentWidth = 4; lastKnownFileType = sourcecode.c.h; path = SVRemoteProxyResource.h; sourceTree = "<group>"; tabWidth = 4; usesTabs = 0; wrapsLines = 0; };
		43C9137018D8A0BB000718E7 /* SVRemoteProxyResource.m */ = {isa = PBXFileReference; fileEncoding = 4; indentWidth = 4; lastKnownFileType = sourcecode.c.objc; path = SVRemoteProxyResource.m; sourceTree = "<group>"; tabWidth = 4; usesTabs = 0; wrapsLines = 0; };
		43D2A1EC18D39363002CFE55 /* libSVNetworking.a */ = {isa = PBXFileReference; explicitFileType = archive.ar; includeInIndex = 0; path = libSVNetworking.a; sourceTree = BUILT_PRODUCTS_DIR; };
		43D2A1EF18D39363002CFE55 /* Foundation.framework */ = {isa = PBXFileReference; lastKnownFileType = wrapper.framework; name = Foundation.framework; path = System/Library/Frameworks/Foundation.framework; sourceTree = SDKROOT; };
		43D2A1F318D39363002CFE55 /* SVNetworking-Prefix.pch */ = {isa = PBXFileReference; lastKnownFileType = sourcecode.c.h; path = "SVNetworking-Prefix.pch"; sourceTree = "<group>"; };
		43D2A1F418D39363002CFE55 /* SVNetworking.h */ = {isa = PBXFileReference; lastKnownFileType = sourcecode.c.h; path = SVNetworking.h; sourceTree = "<group>"; };
		43D2A1FC18D39363002CFE55 /* SVNetworkingTests.xctest */ = {isa = PBXFileReference; explicitFileType = wrapper.cfbundle; includeInIndex = 0; path = SVNetworkingTests.xctest; sourceTree = BUILT_PRODUCTS_DIR; };
		43D2A1FD18D39363002CFE55 /* XCTest.framework */ = {isa = PBXFileReference; lastKnownFileType = wrapper.framework; name = XCTest.framework; path = Library/Frameworks/XCTest.framework; sourceTree = DEVELOPER_DIR; };
		43D2A20018D39363002CFE55 /* UIKit.framework */ = {isa = PBXFileReference; lastKnownFileType = wrapper.framework; name = UIKit.framework; path = Library/Frameworks/UIKit.framework; sourceTree = DEVELOPER_DIR; };
		43D2A20718D39363002CFE55 /* SVNetworkingTests-Info.plist */ = {isa = PBXFileReference; lastKnownFileType = text.plist.xml; path = "SVNetworkingTests-Info.plist"; sourceTree = "<group>"; };
		43D2A20918D39363002CFE55 /* en */ = {isa = PBXFileReference; lastKnownFileType = text.plist.strings; name = en; path = en.lproj/InfoPlist.strings; sourceTree = "<group>"; };
		43D2A20B18D39363002CFE55 /* SVNetworkingTests.m */ = {isa = PBXFileReference; lastKnownFileType = sourcecode.c.objc; path = SVNetworkingTests.m; sourceTree = "<group>"; };
		43D2A21618D39438002CFE55 /* SVDataRequest.h */ = {isa = PBXFileReference; fileEncoding = 4; lastKnownFileType = sourcecode.c.h; path = SVDataRequest.h; sourceTree = "<group>"; };
		43D2A21718D39438002CFE55 /* SVDataRequest.m */ = {isa = PBXFileReference; fileEncoding = 4; lastKnownFileType = sourcecode.c.objc; path = SVDataRequest.m; sourceTree = "<group>"; };
		43D2A21818D39438002CFE55 /* SVJSONRequest.h */ = {isa = PBXFileReference; fileEncoding = 4; lastKnownFileType = sourcecode.c.h; path = SVJSONRequest.h; sourceTree = "<group>"; };
		43D2A21918D39438002CFE55 /* SVJSONRequest.m */ = {isa = PBXFileReference; fileEncoding = 4; lastKnownFileType = sourcecode.c.objc; path = SVJSONRequest.m; sourceTree = "<group>"; };
		43D2A21A18D39438002CFE55 /* SVRequest.h */ = {isa = PBXFileReference; fileEncoding = 4; lastKnownFileType = sourcecode.c.h; path = SVRequest.h; sourceTree = "<group>"; };
		43D2A21B18D39438002CFE55 /* SVRequest.m */ = {isa = PBXFileReference; fileEncoding = 4; lastKnownFileType = sourcecode.c.objc; path = SVRequest.m; sourceTree = "<group>"; };
		43D2A22018D39485002CFE55 /* SVFunctional.h */ = {isa = PBXFileReference; fileEncoding = 4; lastKnownFileType = sourcecode.c.h; path = SVFunctional.h; sourceTree = "<group>"; };
		43D2A22118D39485002CFE55 /* SVFunctional.m */ = {isa = PBXFileReference; fileEncoding = 4; lastKnownFileType = sourcecode.c.objc; path = SVFunctional.m; sourceTree = "<group>"; };
		43D2A22718D39572002CFE55 /* SVRemoteResource.h */ = {isa = PBXFileReference; fileEncoding = 4; lastKnownFileType = sourcecode.c.h; path = SVRemoteResource.h; sourceTree = "<group>"; };
		43D2A22818D39572002CFE55 /* SVRemoteResource.m */ = {isa = PBXFileReference; fileEncoding = 4; lastKnownFileType = sourcecode.c.objc; path = SVRemoteResource.m; sourceTree = "<group>"; };
		43D2A22A18D3987C002CFE55 /* SVRemoteImage.h */ = {isa = PBXFileReference; fileEncoding = 4; lastKnownFileType = sourcecode.c.h; path = SVRemoteImage.h; sourceTree = "<group>"; };
		43D2A22B18D3987C002CFE55 /* SVRemoteImage.m */ = {isa = PBXFileReference; fileEncoding = 4; lastKnownFileType = sourcecode.c.objc; path = SVRemoteImage.m; sourceTree = "<group>"; };
		43D2A23018D3AA6E002CFE55 /* SVRemoteResourceDiskCache.h */ = {isa = PBXFileReference; fileEncoding = 4; lastKnownFileType = sourcecode.c.h; path = SVRemoteResourceDiskCache.h; sourceTree = "<group>"; };
		43D2A23118D3AA6E002CFE55 /* SVRemoteResourceDiskCache.m */ = {isa = PBXFileReference; fileEncoding = 4; lastKnownFileType = sourcecode.c.objc; path = SVRemoteResourceDiskCache.m; sourceTree = "<group>"; };
/* End PBXFileReference section */

/* Begin PBXFrameworksBuildPhase section */
		43D2A1E918D39363002CFE55 /* Frameworks */ = {
			isa = PBXFrameworksBuildPhase;
			buildActionMask = 2147483647;
			files = (
				43D2A1F018D39363002CFE55 /* Foundation.framework in Frameworks */,
			);
			runOnlyForDeploymentPostprocessing = 0;
		};
		43D2A1F918D39363002CFE55 /* Frameworks */ = {
			isa = PBXFrameworksBuildPhase;
			buildActionMask = 2147483647;
			files = (
				43D2A20418D39363002CFE55 /* libSVNetworking.a in Frameworks */,
				43D2A1FE18D39363002CFE55 /* XCTest.framework in Frameworks */,
				43D2A20118D39363002CFE55 /* UIKit.framework in Frameworks */,
				43D2A1FF18D39363002CFE55 /* Foundation.framework in Frameworks */,
			);
			runOnlyForDeploymentPostprocessing = 0;
		};
/* End PBXFrameworksBuildPhase section */

/* Begin PBXGroup section */
		4110270A18DB5B640030EE6F /* Image View */ = {
			isa = PBXGroup;
			children = (
				4110270B18DB5B730030EE6F /* SVImageView.h */,
				4110270C18DB5B730030EE6F /* SVImageView.m */,
			);
			name = "Image View";
			sourceTree = "<group>";
		};
		41A7CE8818EB57CB002C73A0 /* Network Activity Indicator */ = {
			isa = PBXGroup;
			children = (
				41A7CE8918EB57EF002C73A0 /* SVNetworkActivityIndicatorManager.h */,
				41A7CE8A18EB57EF002C73A0 /* SVNetworkActivityIndicatorManager.m */,
			);
			name = "Network Activity Indicator";
			sourceTree = "<group>";
		};
		41B38E1818D77527000064D3 /* Bindings */ = {
			isa = PBXGroup;
			children = (
				41B38E1918D7752E000064D3 /* NSObject+SVBindings.h */,
				41B38E1A18D7752E000064D3 /* NSObject+SVBindings.m */,
				41B38E1B18D7752E000064D3 /* NSObject+SVMultibindings.h */,
				41B38E1C18D7752E000064D3 /* NSObject+SVMultibindings.m */,
			);
			name = Bindings;
			sourceTree = "<group>";
		};
		431591E118E4E28B008CE9A5 /* Remote Array */ = {
			isa = PBXGroup;
			children = (
				431591E218E4E29E008CE9A5 /* SVRemoteArray.h */,
				431591E318E4E29E008CE9A5 /* SVRemoteArray.m */,
				431591E518E4EAA9008CE9A5 /* SVRemoteJSONArray.h */,
				431591E618E4EAA9008CE9A5 /* SVRemoteJSONArray.m */,
			);
			name = "Remote Array";
			sourceTree = "<group>";
		};
		43C9136B18D8A05A000718E7 /* Data */ = {
			isa = PBXGroup;
			children = (
				41B38E1218D756AA000064D3 /* SVRemoteDataRequestResource.h */,
				41B38E1318D756AA000064D3 /* SVRemoteDataRequestResource.m */,
				41B38E2718D79C98000064D3 /* SVRemoteDataResource.h */,
				41B38E2818D79C98000064D3 /* SVRemoteDataResource.m */,
			);
			name = Data;
			sourceTree = "<group>";
		};
		43C9136C18D8A068000718E7 /* JSON */ = {
			isa = PBXGroup;
			children = (
				41B38E1518D761C5000064D3 /* SVRemoteJSONRequestResource.h */,
				41B38E1618D761C5000064D3 /* SVRemoteJSONRequestResource.m */,
				41B38E2A18D79DA8000064D3 /* SVRemoteJSONResource.h */,
				41B38E2B18D79DA8000064D3 /* SVRemoteJSONResource.m */,
			);
			name = JSON;
			sourceTree = "<group>";
		};
		43C9136D18D8A07D000718E7 /* Images */ = {
			isa = PBXGroup;
			children = (
				430C17E318D8A77C00070925 /* SVRemoteImageProtocol.h */,
				43D2A22A18D3987C002CFE55 /* SVRemoteImage.h */,
				43D2A22B18D3987C002CFE55 /* SVRemoteImage.m */,
				430C17E518D8A79100070925 /* SVRemoteScaledImageProtocol.h */,
				430C180018DA117800070925 /* SVRemoteScaledImage.h */,
				430C180118DA117800070925 /* SVRemoteScaledImage.m */,
				41B38E2218D7879A000064D3 /* SVRemoteRetainedScaledImage.h */,
				41B38E2318D7879A000064D3 /* SVRemoteRetainedScaledImage.m */,
				430C17FC18DA0E2A00070925 /* SVImageScaler.h */,
				430C17FD18DA0E2A00070925 /* SVImageScaler.m */,
			);
			name = Images;
			sourceTree = "<group>";
		};
		43C9136E18D8A08D000718E7 /* Proxy */ = {
			isa = PBXGroup;
			children = (
				43C9136F18D8A0BB000718E7 /* SVRemoteProxyResource.h */,
				43C9137018D8A0BB000718E7 /* SVRemoteProxyResource.m */,
				41B38E1F18D77DE0000064D3 /* SVRemoteRetainedProxyResource.h */,
				41B38E2018D77DE0000064D3 /* SVRemoteRetainedProxyResource.m */,
			);
			name = Proxy;
			sourceTree = "<group>";
		};
		43D2A1E318D39363002CFE55 = {
			isa = PBXGroup;
			children = (
				43D2A1F118D39363002CFE55 /* SVNetworking */,
				43D2A20518D39363002CFE55 /* SVNetworkingTests */,
				43D2A1EE18D39363002CFE55 /* Frameworks */,
				43D2A1ED18D39363002CFE55 /* Products */,
			);
			sourceTree = "<group>";
		};
		43D2A1ED18D39363002CFE55 /* Products */ = {
			isa = PBXGroup;
			children = (
				43D2A1EC18D39363002CFE55 /* libSVNetworking.a */,
				43D2A1FC18D39363002CFE55 /* SVNetworkingTests.xctest */,
			);
			name = Products;
			sourceTree = "<group>";
		};
		43D2A1EE18D39363002CFE55 /* Frameworks */ = {
			isa = PBXGroup;
			children = (
				43D2A1EF18D39363002CFE55 /* Foundation.framework */,
				43D2A1FD18D39363002CFE55 /* XCTest.framework */,
				43D2A20018D39363002CFE55 /* UIKit.framework */,
			);
			name = Frameworks;
			sourceTree = "<group>";
		};
		43D2A1F118D39363002CFE55 /* SVNetworking */ = {
			isa = PBXGroup;
			children = (
				41B38E1818D77527000064D3 /* Bindings */,
				43D2A22F18D3AA69002CFE55 /* Cache */,
				4110270A18DB5B640030EE6F /* Image View */,
				41A7CE8818EB57CB002C73A0 /* Network Activity Indicator */,
				431591E118E4E28B008CE9A5 /* Remote Array */,
				43D2A22318D39536002CFE55 /* Resources */,
				43D2A21518D3942C002CFE55 /* Requests */,
				43D2A21F18D3947E002CFE55 /* Utility */,
				43D2A1F418D39363002CFE55 /* SVNetworking.h */,
				43D2A1F218D39363002CFE55 /* Supporting Files */,
			);
			path = SVNetworking;
			sourceTree = "<group>";
		};
		43D2A1F218D39363002CFE55 /* Supporting Files */ = {
			isa = PBXGroup;
			children = (
				43D2A1F318D39363002CFE55 /* SVNetworking-Prefix.pch */,
			);
			name = "Supporting Files";
			sourceTree = "<group>";
		};
		43D2A20518D39363002CFE55 /* SVNetworkingTests */ = {
			isa = PBXGroup;
			children = (
				43D2A20B18D39363002CFE55 /* SVNetworkingTests.m */,
				43D2A20618D39363002CFE55 /* Supporting Files */,
			);
			path = SVNetworkingTests;
			sourceTree = "<group>";
		};
		43D2A20618D39363002CFE55 /* Supporting Files */ = {
			isa = PBXGroup;
			children = (
				43D2A20718D39363002CFE55 /* SVNetworkingTests-Info.plist */,
				43D2A20818D39363002CFE55 /* InfoPlist.strings */,
			);
			name = "Supporting Files";
			sourceTree = "<group>";
		};
		43D2A21518D3942C002CFE55 /* Requests */ = {
			isa = PBXGroup;
			children = (
				43D2A21618D39438002CFE55 /* SVDataRequest.h */,
				43D2A21718D39438002CFE55 /* SVDataRequest.m */,
				43D2A21818D39438002CFE55 /* SVJSONRequest.h */,
				43D2A21918D39438002CFE55 /* SVJSONRequest.m */,
				43D2A21A18D39438002CFE55 /* SVRequest.h */,
				43D2A21B18D39438002CFE55 /* SVRequest.m */,
			);
			name = Requests;
			sourceTree = "<group>";
		};
		43D2A21F18D3947E002CFE55 /* Utility */ = {
			isa = PBXGroup;
			children = (
				43D2A22018D39485002CFE55 /* SVFunctional.h */,
				43D2A22118D39485002CFE55 /* SVFunctional.m */,
			);
			name = Utility;
			sourceTree = "<group>";
		};
		43D2A22318D39536002CFE55 /* Resources */ = {
			isa = PBXGroup;
			children = (
				43D2A22718D39572002CFE55 /* SVRemoteResource.h */,
				43D2A22818D39572002CFE55 /* SVRemoteResource.m */,
				43C9136B18D8A05A000718E7 /* Data */,
				43C9136C18D8A068000718E7 /* JSON */,
				43C9136D18D8A07D000718E7 /* Images */,
				43C9136E18D8A08D000718E7 /* Proxy */,
			);
			name = Resources;
			sourceTree = "<group>";
		};
		43D2A22F18D3AA69002CFE55 /* Cache */ = {
			isa = PBXGroup;
			children = (
				41A7CE8F18EB60AE002C73A0 /* SVRemoteResourceCache.h */,
				43D2A23018D3AA6E002CFE55 /* SVRemoteResourceDiskCache.h */,
				43D2A23118D3AA6E002CFE55 /* SVRemoteResourceDiskCache.m */,
			);
			name = Cache;
			sourceTree = "<group>";
		};
/* End PBXGroup section */

/* Begin PBXNativeTarget section */
		43D2A1EB18D39363002CFE55 /* SVNetworking */ = {
			isa = PBXNativeTarget;
			buildConfigurationList = 43D2A20F18D39363002CFE55 /* Build configuration list for PBXNativeTarget "SVNetworking" */;
			buildPhases = (
				43D2A1E818D39363002CFE55 /* Sources */,
				43D2A1E918D39363002CFE55 /* Frameworks */,
			);
			buildRules = (
			);
			dependencies = (
			);
			name = SVNetworking;
			productName = SVNetworking;
			productReference = 43D2A1EC18D39363002CFE55 /* libSVNetworking.a */;
			productType = "com.apple.product-type.library.static";
		};
		43D2A1FB18D39363002CFE55 /* SVNetworkingTests */ = {
			isa = PBXNativeTarget;
			buildConfigurationList = 43D2A21218D39363002CFE55 /* Build configuration list for PBXNativeTarget "SVNetworkingTests" */;
			buildPhases = (
				43D2A1F818D39363002CFE55 /* Sources */,
				43D2A1F918D39363002CFE55 /* Frameworks */,
				43D2A1FA18D39363002CFE55 /* Resources */,
			);
			buildRules = (
			);
			dependencies = (
				43D2A20318D39363002CFE55 /* PBXTargetDependency */,
			);
			name = SVNetworkingTests;
			productName = SVNetworkingTests;
			productReference = 43D2A1FC18D39363002CFE55 /* SVNetworkingTests.xctest */;
			productType = "com.apple.product-type.bundle.unit-test";
		};
/* End PBXNativeTarget section */

/* Begin PBXProject section */
		43D2A1E418D39363002CFE55 /* Project object */ = {
			isa = PBXProject;
			attributes = {
				LastUpgradeCheck = 0510;
				ORGANIZATIONNAME = Svpply;
			};
			buildConfigurationList = 43D2A1E718D39363002CFE55 /* Build configuration list for PBXProject "SVNetworking" */;
			compatibilityVersion = "Xcode 3.2";
			developmentRegion = English;
			hasScannedForEncodings = 0;
			knownRegions = (
				en,
			);
			mainGroup = 43D2A1E318D39363002CFE55;
			productRefGroup = 43D2A1ED18D39363002CFE55 /* Products */;
			projectDirPath = "";
			projectRoot = "";
			targets = (
				43D2A1EB18D39363002CFE55 /* SVNetworking */,
				43D2A1FB18D39363002CFE55 /* SVNetworkingTests */,
			);
		};
/* End PBXProject section */

/* Begin PBXResourcesBuildPhase section */
		43D2A1FA18D39363002CFE55 /* Resources */ = {
			isa = PBXResourcesBuildPhase;
			buildActionMask = 2147483647;
			files = (
				43D2A20A18D39363002CFE55 /* InfoPlist.strings in Resources */,
			);
			runOnlyForDeploymentPostprocessing = 0;
		};
/* End PBXResourcesBuildPhase section */

/* Begin PBXSourcesBuildPhase section */
		43D2A1E818D39363002CFE55 /* Sources */ = {
			isa = PBXSourcesBuildPhase;
			buildActionMask = 2147483647;
			files = (
				4110270E18DB5B730030EE6F /* SVImageView.m in Sources */,
				41B38E1418D756AA000064D3 /* SVRemoteDataRequestResource.m in Sources */,
				431591E418E4E29E008CE9A5 /* SVRemoteArray.m in Sources */,
				41A7CE8B18EB57EF002C73A0 /* SVNetworkActivityIndicatorManager.m in Sources */,
				43C9137218D8A0BB000718E7 /* SVRemoteProxyResource.m in Sources */,
				43D2A21E18D39438002CFE55 /* SVRequest.m in Sources */,
				43D2A21C18D39438002CFE55 /* SVDataRequest.m in Sources */,
				430C17FF18DA0E2A00070925 /* SVImageScaler.m in Sources */,
				43D2A23218D3AA6E002CFE55 /* SVRemoteResourceDiskCache.m in Sources */,
				430C180318DA117800070925 /* SVRemoteScaledImage.m in Sources */,
				41B38E2C18D79DA8000064D3 /* SVRemoteJSONResource.m in Sources */,
				41B38E2918D79C98000064D3 /* SVRemoteDataResource.m in Sources */,
				431591E718E4EAA9008CE9A5 /* SVRemoteJSONArray.m in Sources */,
				41B38E1D18D7752E000064D3 /* NSObject+SVBindings.m in Sources */,
				41B38E1718D761C5000064D3 /* SVRemoteJSONRequestResource.m in Sources */,
				43D2A22218D39485002CFE55 /* SVFunctional.m in Sources */,
				41B38E1E18D7752E000064D3 /* NSObject+SVMultibindings.m in Sources */,
				43D2A22C18D3987C002CFE55 /* SVRemoteImage.m in Sources */,
				41B38E2118D77DE0000064D3 /* SVRemoteRetainedProxyResource.m in Sources */,
				43D2A21D18D39438002CFE55 /* SVJSONRequest.m in Sources */,
				43D2A22918D39572002CFE55 /* SVRemoteResource.m in Sources */,
				41B38E2418D7879A000064D3 /* SVRemoteRetainedScaledImage.m in Sources */,
			);
			runOnlyForDeploymentPostprocessing = 0;
		};
		43D2A1F818D39363002CFE55 /* Sources */ = {
			isa = PBXSourcesBuildPhase;
			buildActionMask = 2147483647;
			files = (
				43D2A20C18D39363002CFE55 /* SVNetworkingTests.m in Sources */,
			);
			runOnlyForDeploymentPostprocessing = 0;
		};
/* End PBXSourcesBuildPhase section */

/* Begin PBXTargetDependency section */
		43D2A20318D39363002CFE55 /* PBXTargetDependency */ = {
			isa = PBXTargetDependency;
			target = 43D2A1EB18D39363002CFE55 /* SVNetworking */;
			targetProxy = 43D2A20218D39363002CFE55 /* PBXContainerItemProxy */;
		};
/* End PBXTargetDependency section */

/* Begin PBXVariantGroup section */
		43D2A20818D39363002CFE55 /* InfoPlist.strings */ = {
			isa = PBXVariantGroup;
			children = (
				43D2A20918D39363002CFE55 /* en */,
			);
			name = InfoPlist.strings;
			sourceTree = "<group>";
		};
/* End PBXVariantGroup section */

/* Begin XCBuildConfiguration section */
		43D2A20D18D39363002CFE55 /* Debug */ = {
			isa = XCBuildConfiguration;
			buildSettings = {
				ALWAYS_SEARCH_USER_PATHS = NO;
				CLANG_CXX_LANGUAGE_STANDARD = "gnu++0x";
				CLANG_CXX_LIBRARY = "libc++";
				CLANG_ENABLE_MODULES = YES;
				CLANG_ENABLE_OBJC_ARC = YES;
				CLANG_WARN_BOOL_CONVERSION = YES;
				CLANG_WARN_CONSTANT_CONVERSION = YES;
				CLANG_WARN_DIRECT_OBJC_ISA_USAGE = YES_ERROR;
				CLANG_WARN_EMPTY_BODY = YES;
				CLANG_WARN_ENUM_CONVERSION = YES;
				CLANG_WARN_INT_CONVERSION = YES;
				CLANG_WARN_OBJC_ROOT_CLASS = YES_ERROR;
				CLANG_WARN__DUPLICATE_METHOD_MATCH = YES;
				COPY_PHASE_STRIP = NO;
				GCC_C_LANGUAGE_STANDARD = gnu99;
				GCC_DYNAMIC_NO_PIC = NO;
				GCC_OPTIMIZATION_LEVEL = 0;
				GCC_PREPROCESSOR_DEFINITIONS = (
					"DEBUG=1",
					"$(inherited)",
				);
				GCC_SYMBOLS_PRIVATE_EXTERN = NO;
				GCC_WARN_64_TO_32_BIT_CONVERSION = YES;
				GCC_WARN_ABOUT_RETURN_TYPE = YES_ERROR;
				GCC_WARN_UNDECLARED_SELECTOR = YES;
				GCC_WARN_UNINITIALIZED_AUTOS = YES_AGGRESSIVE;
				GCC_WARN_UNUSED_FUNCTION = YES;
				GCC_WARN_UNUSED_VARIABLE = YES;
				IPHONEOS_DEPLOYMENT_TARGET = 6.0;
				ONLY_ACTIVE_ARCH = YES;
				SDKROOT = iphoneos;
			};
			name = Debug;
		};
		43D2A20E18D39363002CFE55 /* Release */ = {
			isa = XCBuildConfiguration;
			buildSettings = {
				ALWAYS_SEARCH_USER_PATHS = NO;
				CLANG_CXX_LANGUAGE_STANDARD = "gnu++0x";
				CLANG_CXX_LIBRARY = "libc++";
				CLANG_ENABLE_MODULES = YES;
				CLANG_ENABLE_OBJC_ARC = YES;
				CLANG_WARN_BOOL_CONVERSION = YES;
				CLANG_WARN_CONSTANT_CONVERSION = YES;
				CLANG_WARN_DIRECT_OBJC_ISA_USAGE = YES_ERROR;
				CLANG_WARN_EMPTY_BODY = YES;
				CLANG_WARN_ENUM_CONVERSION = YES;
				CLANG_WARN_INT_CONVERSION = YES;
				CLANG_WARN_OBJC_ROOT_CLASS = YES_ERROR;
				CLANG_WARN__DUPLICATE_METHOD_MATCH = YES;
				COPY_PHASE_STRIP = YES;
				ENABLE_NS_ASSERTIONS = NO;
				GCC_C_LANGUAGE_STANDARD = gnu99;
				GCC_WARN_64_TO_32_BIT_CONVERSION = YES;
				GCC_WARN_ABOUT_RETURN_TYPE = YES_ERROR;
				GCC_WARN_UNDECLARED_SELECTOR = YES;
				GCC_WARN_UNINITIALIZED_AUTOS = YES_AGGRESSIVE;
				GCC_WARN_UNUSED_FUNCTION = YES;
				GCC_WARN_UNUSED_VARIABLE = YES;
				IPHONEOS_DEPLOYMENT_TARGET = 6.0;
				SDKROOT = iphoneos;
				VALIDATE_PRODUCT = YES;
			};
			name = Release;
		};
		43D2A21018D39363002CFE55 /* Debug */ = {
			isa = XCBuildConfiguration;
			buildSettings = {
				DSTROOT = /tmp/SVNetworking.dst;
				GCC_PRECOMPILE_PREFIX_HEADER = YES;
				GCC_PREFIX_HEADER = "SVNetworking/SVNetworking-Prefix.pch";
				IPHONEOS_DEPLOYMENT_TARGET = 6.0;
				OTHER_LDFLAGS = "-ObjC";
				PRODUCT_NAME = "$(TARGET_NAME)";
				PUBLIC_HEADERS_FOLDER_PATH = "/usr/local/include/$(TARGET_NAME)/";
				SKIP_INSTALL = YES;
			};
			name = Debug;
		};
		43D2A21118D39363002CFE55 /* Release */ = {
			isa = XCBuildConfiguration;
			buildSettings = {
				DSTROOT = /tmp/SVNetworking.dst;
				GCC_PRECOMPILE_PREFIX_HEADER = YES;
				GCC_PREFIX_HEADER = "SVNetworking/SVNetworking-Prefix.pch";
				IPHONEOS_DEPLOYMENT_TARGET = 6.0;
				OTHER_LDFLAGS = "-ObjC";
				PRODUCT_NAME = "$(TARGET_NAME)";
				PUBLIC_HEADERS_FOLDER_PATH = "/usr/local/include/$(TARGET_NAME)/";
				SKIP_INSTALL = YES;
			};
			name = Release;
		};
		43D2A21318D39363002CFE55 /* Debug */ = {
			isa = XCBuildConfiguration;
			buildSettings = {
				FRAMEWORK_SEARCH_PATHS = (
					"$(SDKROOT)/Developer/Library/Frameworks",
					"$(inherited)",
					"$(DEVELOPER_FRAMEWORKS_DIR)",
				);
				GCC_PRECOMPILE_PREFIX_HEADER = YES;
				GCC_PREFIX_HEADER = "SVNetworking/SVNetworking-Prefix.pch";
				GCC_PREPROCESSOR_DEFINITIONS = (
					"DEBUG=1",
					"$(inherited)",
				);
				INFOPLIST_FILE = "SVNetworkingTests/SVNetworkingTests-Info.plist";
				PRODUCT_NAME = "$(TARGET_NAME)";
				WRAPPER_EXTENSION = xctest;
			};
			name = Debug;
		};
		43D2A21418D39363002CFE55 /* Release */ = {
			isa = XCBuildConfiguration;
			buildSettings = {
				FRAMEWORK_SEARCH_PATHS = (
					"$(SDKROOT)/Developer/Library/Frameworks",
					"$(inherited)",
					"$(DEVELOPER_FRAMEWORKS_DIR)",
				);
				GCC_PRECOMPILE_PREFIX_HEADER = YES;
				GCC_PREFIX_HEADER = "SVNetworking/SVNetworking-Prefix.pch";
				INFOPLIST_FILE = "SVNetworkingTests/SVNetworkingTests-Info.plist";
				PRODUCT_NAME = "$(TARGET_NAME)";
				WRAPPER_EXTENSION = xctest;
			};
			name = Release;
		};
/* End XCBuildConfiguration section */

/* Begin XCConfigurationList section */
		43D2A1E718D39363002CFE55 /* Build configuration list for PBXProject "SVNetworking" */ = {
			isa = XCConfigurationList;
			buildConfigurations = (
				43D2A20D18D39363002CFE55 /* Debug */,
				43D2A20E18D39363002CFE55 /* Release */,
			);
			defaultConfigurationIsVisible = 0;
			defaultConfigurationName = Release;
		};
		43D2A20F18D39363002CFE55 /* Build configuration list for PBXNativeTarget "SVNetworking" */ = {
			isa = XCConfigurationList;
			buildConfigurations = (
				43D2A21018D39363002CFE55 /* Debug */,
				43D2A21118D39363002CFE55 /* Release */,
			);
			defaultConfigurationIsVisible = 0;
			defaultConfigurationName = Release;
		};
		43D2A21218D39363002CFE55 /* Build configuration list for PBXNativeTarget "SVNetworkingTests" */ = {
			isa = XCConfigurationList;
			buildConfigurations = (
				43D2A21318D39363002CFE55 /* Debug */,
				43D2A21418D39363002CFE55 /* Release */,
			);
			defaultConfigurationIsVisible = 0;
			defaultConfigurationName = Release;
		};
/* End XCConfigurationList section */
	};
	rootObject = 43D2A1E418D39363002CFE55 /* Project object */;
}
